// !$*UTF8*$!
{
	archiveVersion = 1;
	classes = {
	};
	objectVersion = 55;
	objects = {

/* Begin PBXBuildFile section */
		9037A9D627A17FB400D405B5 /* GuideView.swift in Sources */ = {isa = PBXBuildFile; fileRef = 9037A9D527A17FB400D405B5 /* GuideView.swift */; };
		90398AAD27DB3E0100A8FB29 /* LaunchScreen.storyboard in Resources */ = {isa = PBXBuildFile; fileRef = 90398AAC27DB3E0100A8FB29 /* LaunchScreen.storyboard */; };
		905F706C2909608700C62892 /* Assets.xcassets in Resources */ = {isa = PBXBuildFile; fileRef = 90774B7C27A04AB5006F94B3 /* Assets.xcassets */; };
		90774B7927A04AB4006F94B3 /* KlikApp.swift in Sources */ = {isa = PBXBuildFile; fileRef = 90774B7827A04AB4006F94B3 /* KlikApp.swift */; };
		90774B7D27A04AB5006F94B3 /* Assets.xcassets in Resources */ = {isa = PBXBuildFile; fileRef = 90774B7C27A04AB5006F94B3 /* Assets.xcassets */; };
		90774B8027A04AB5006F94B3 /* Preview Assets.xcassets in Resources */ = {isa = PBXBuildFile; fileRef = 90774B7F27A04AB5006F94B3 /* Preview Assets.xcassets */; };
		90792E5727A0BC6700A791BD /* LaunchView.swift in Sources */ = {isa = PBXBuildFile; fileRef = 90792E5627A0BC6700A791BD /* LaunchView.swift */; };
		90BD4FB7290678CF00572442 /* Assets.xcassets in Resources */ = {isa = PBXBuildFile; fileRef = 90BD4FB6290678CF00572442 /* Assets.xcassets */; };
		90BD4FC2290678CF00572442 /* ContentView.swift in Sources */ = {isa = PBXBuildFile; fileRef = 90BD4FC1290678CF00572442 /* ContentView.swift */; };
		90BD4FC4290678CF00572442 /* KlikApp.swift in Sources */ = {isa = PBXBuildFile; fileRef = 90BD4FC3290678CF00572442 /* KlikApp.swift */; };
		90BD4FC6290678CF00572442 /* ComplicationController.swift in Sources */ = {isa = PBXBuildFile; fileRef = 90BD4FC5290678CF00572442 /* ComplicationController.swift */; };
		90BD4FC8290678CF00572442 /* Assets.xcassets in Resources */ = {isa = PBXBuildFile; fileRef = 90BD4FC7290678CF00572442 /* Assets.xcassets */; };
		90BD4FCB290678CF00572442 /* Preview Assets.xcassets in Resources */ = {isa = PBXBuildFile; fileRef = 90BD4FCA290678CF00572442 /* Preview Assets.xcassets */; };
		90BD4FCF290678CF00572442 /* Klyk.app in Embed Watch Content */ = {isa = PBXBuildFile; fileRef = 90BD4FB4290678CD00572442 /* Klyk.app */; settings = {ATTRIBUTES = (RemoveHeadersOnCopy, ); }; };
		90BD4FDD29067FDF00572442 /* ContentModel.swift in Sources */ = {isa = PBXBuildFile; fileRef = 90E1795827A04C5600EBA377 /* ContentModel.swift */; };
		90BD4FDE290684A600572442 /* ContentModel.swift in Sources */ = {isa = PBXBuildFile; fileRef = 90E1795827A04C5600EBA377 /* ContentModel.swift */; };
		90E1795727A04BD600EBA377 /* HomeView.swift in Sources */ = {isa = PBXBuildFile; fileRef = 90E1795627A04BD600EBA377 /* HomeView.swift */; };
/* End PBXBuildFile section */

/* Begin PBXContainerItemProxy section */
		90BD4FCD290678CF00572442 /* PBXContainerItemProxy */ = {
			isa = PBXContainerItemProxy;
			containerPortal = 90774B6D27A04AB4006F94B3 /* Project object */;
			proxyType = 1;
			remoteGlobalIDString = 90BD4FB3290678CD00572442;
			remoteInfo = Klyk;
		};
/* End PBXContainerItemProxy section */

/* Begin PBXCopyFilesBuildPhase section */
		90BD4FD0290678CF00572442 /* Embed Watch Content */ = {
			isa = PBXCopyFilesBuildPhase;
			buildActionMask = 2147483647;
			dstPath = "$(CONTENTS_FOLDER_PATH)/Watch";
			dstSubfolderSpec = 16;
			files = (
				90BD4FCF290678CF00572442 /* Klyk.app in Embed Watch Content */,
			);
			name = "Embed Watch Content";
			runOnlyForDeploymentPostprocessing = 0;
		};
/* End PBXCopyFilesBuildPhase section */

/* Begin PBXFileReference section */
		9037A9D527A17FB400D405B5 /* GuideView.swift */ = {isa = PBXFileReference; lastKnownFileType = sourcecode.swift; path = GuideView.swift; sourceTree = "<group>"; };
		90398AAC27DB3E0100A8FB29 /* LaunchScreen.storyboard */ = {isa = PBXFileReference; lastKnownFileType = file.storyboard; path = LaunchScreen.storyboard; sourceTree = "<group>"; };
		905F70682909486400C62892 /* Info.plist */ = {isa = PBXFileReference; lastKnownFileType = text.plist; path = Info.plist; sourceTree = "<group>"; };
		905F706A29095C4C00C62892 /* Info.plist */ = {isa = PBXFileReference; lastKnownFileType = text.plist; path = Info.plist; sourceTree = "<group>"; };
		90774B7527A04AB4006F94B3 /* Klyk.app */ = {isa = PBXFileReference; explicitFileType = wrapper.application; includeInIndex = 0; path = Klyk.app; sourceTree = BUILT_PRODUCTS_DIR; };
		90774B7827A04AB4006F94B3 /* KlikApp.swift */ = {isa = PBXFileReference; lastKnownFileType = sourcecode.swift; path = KlikApp.swift; sourceTree = "<group>"; };
		90774B7C27A04AB5006F94B3 /* Assets.xcassets */ = {isa = PBXFileReference; lastKnownFileType = folder.assetcatalog; path = Assets.xcassets; sourceTree = "<group>"; };
		90774B7F27A04AB5006F94B3 /* Preview Assets.xcassets */ = {isa = PBXFileReference; lastKnownFileType = folder.assetcatalog; path = "Preview Assets.xcassets"; sourceTree = "<group>"; };
		90792E5627A0BC6700A791BD /* LaunchView.swift */ = {isa = PBXFileReference; lastKnownFileType = sourcecode.swift; path = LaunchView.swift; sourceTree = "<group>"; };
		90BD4FB4290678CD00572442 /* Klyk.app */ = {isa = PBXFileReference; explicitFileType = wrapper.application; includeInIndex = 0; path = Klyk.app; sourceTree = BUILT_PRODUCTS_DIR; };
		90BD4FB6290678CF00572442 /* Assets.xcassets */ = {isa = PBXFileReference; lastKnownFileType = folder.assetcatalog; path = Assets.xcassets; sourceTree = "<group>"; };
		90BD4FC1290678CF00572442 /* ContentView.swift */ = {isa = PBXFileReference; lastKnownFileType = sourcecode.swift; path = ContentView.swift; sourceTree = "<group>"; };
		90BD4FC3290678CF00572442 /* KlikApp.swift */ = {isa = PBXFileReference; lastKnownFileType = sourcecode.swift; path = KlikApp.swift; sourceTree = "<group>"; };
		90BD4FC5290678CF00572442 /* ComplicationController.swift */ = {isa = PBXFileReference; lastKnownFileType = sourcecode.swift; path = ComplicationController.swift; sourceTree = "<group>"; };
		90BD4FC7290678CF00572442 /* Assets.xcassets */ = {isa = PBXFileReference; lastKnownFileType = folder.assetcatalog; path = Assets.xcassets; sourceTree = "<group>"; };
		90BD4FCA290678CF00572442 /* Preview Assets.xcassets */ = {isa = PBXFileReference; lastKnownFileType = folder.assetcatalog; path = "Preview Assets.xcassets"; sourceTree = "<group>"; };
		90BD4FCC290678CF00572442 /* Info.plist */ = {isa = PBXFileReference; lastKnownFileType = text.plist.xml; path = Info.plist; sourceTree = "<group>"; };
		90E1795627A04BD600EBA377 /* HomeView.swift */ = {isa = PBXFileReference; lastKnownFileType = sourcecode.swift; path = HomeView.swift; sourceTree = "<group>"; };
		90E1795827A04C5600EBA377 /* ContentModel.swift */ = {isa = PBXFileReference; lastKnownFileType = sourcecode.swift; path = ContentModel.swift; sourceTree = "<group>"; };
/* End PBXFileReference section */

/* Begin PBXFrameworksBuildPhase section */
		90774B7227A04AB4006F94B3 /* Frameworks */ = {
			isa = PBXFrameworksBuildPhase;
			buildActionMask = 2147483647;
			files = (
			);
			runOnlyForDeploymentPostprocessing = 0;
		};
		90BD4FB9290678CF00572442 /* Frameworks */ = {
			isa = PBXFrameworksBuildPhase;
			buildActionMask = 2147483647;
			files = (
			);
			runOnlyForDeploymentPostprocessing = 0;
		};
/* End PBXFrameworksBuildPhase section */

/* Begin PBXGroup section */
		90774B6C27A04AB4006F94B3 = {
			isa = PBXGroup;
			children = (
				90774B7727A04AB4006F94B3 /* Klik */,
				90BD4FB5290678CD00572442 /* Klyk */,
				90BD4FC0290678CF00572442 /* Klyk WatchKit Extension */,
				90774B7627A04AB4006F94B3 /* Products */,
			);
			sourceTree = "<group>";
		};
		90774B7627A04AB4006F94B3 /* Products */ = {
			isa = PBXGroup;
			children = (
				90774B7527A04AB4006F94B3 /* Klyk.app */,
				90BD4FB4290678CD00572442 /* Klyk.app */,
			);
			name = Products;
			sourceTree = "<group>";
		};
		90774B7727A04AB4006F94B3 /* Klik */ = {
			isa = PBXGroup;
			children = (
				905F70682909486400C62892 /* Info.plist */,
				90774B7827A04AB4006F94B3 /* KlikApp.swift */,
				90E1795527A04BBA00EBA377 /* Views */,
				90E1795427A04BB200EBA377 /* ViewModels */,
				90774B7C27A04AB5006F94B3 /* Assets.xcassets */,
				90774B7E27A04AB5006F94B3 /* Preview Content */,
			);
			path = Klik;
			sourceTree = "<group>";
		};
		90774B7E27A04AB5006F94B3 /* Preview Content */ = {
			isa = PBXGroup;
			children = (
				90774B7F27A04AB5006F94B3 /* Preview Assets.xcassets */,
			);
			path = "Preview Content";
			sourceTree = "<group>";
		};
		90BD4FB5290678CD00572442 /* Klyk */ = {
			isa = PBXGroup;
			children = (
				905F706A29095C4C00C62892 /* Info.plist */,
				90BD4FB6290678CF00572442 /* Assets.xcassets */,
			);
			path = Klyk;
			sourceTree = "<group>";
		};
		90BD4FC0290678CF00572442 /* Klyk WatchKit Extension */ = {
			isa = PBXGroup;
			children = (
				90BD4FC1290678CF00572442 /* ContentView.swift */,
				90BD4FC3290678CF00572442 /* KlikApp.swift */,
				90BD4FC5290678CF00572442 /* ComplicationController.swift */,
				90BD4FC7290678CF00572442 /* Assets.xcassets */,
				90BD4FCC290678CF00572442 /* Info.plist */,
				90BD4FC9290678CF00572442 /* Preview Content */,
			);
			path = "Klyk WatchKit Extension";
			sourceTree = "<group>";
		};
		90BD4FC9290678CF00572442 /* Preview Content */ = {
			isa = PBXGroup;
			children = (
				90BD4FCA290678CF00572442 /* Preview Assets.xcassets */,
			);
			path = "Preview Content";
			sourceTree = "<group>";
		};
		90E1795427A04BB200EBA377 /* ViewModels */ = {
			isa = PBXGroup;
			children = (
				90E1795827A04C5600EBA377 /* ContentModel.swift */,
			);
			path = ViewModels;
			sourceTree = "<group>";
		};
		90E1795527A04BBA00EBA377 /* Views */ = {
			isa = PBXGroup;
			children = (
				90398AAC27DB3E0100A8FB29 /* LaunchScreen.storyboard */,
				90792E5627A0BC6700A791BD /* LaunchView.swift */,
				9037A9D527A17FB400D405B5 /* GuideView.swift */,
				90E1795627A04BD600EBA377 /* HomeView.swift */,
			);
			path = Views;
			sourceTree = "<group>";
		};
/* End PBXGroup section */

/* Begin PBXNativeTarget section */
		90774B7427A04AB4006F94B3 /* Klik */ = {
			isa = PBXNativeTarget;
			buildConfigurationList = 90774B8327A04AB5006F94B3 /* Build configuration list for PBXNativeTarget "Klik" */;
			buildPhases = (
				90774B7127A04AB4006F94B3 /* Sources */,
				90774B7227A04AB4006F94B3 /* Frameworks */,
				90774B7327A04AB4006F94B3 /* Resources */,
				90BD4FD0290678CF00572442 /* Embed Watch Content */,
			);
			buildRules = (
			);
			dependencies = (
				90BD4FCE290678CF00572442 /* PBXTargetDependency */,
			);
			name = Klik;
			productName = Klik;
			productReference = 90774B7527A04AB4006F94B3 /* Klyk.app */;
			productType = "com.apple.product-type.application";
		};
		90BD4FB3290678CD00572442 /* Klyk */ = {
			isa = PBXNativeTarget;
			buildConfigurationList = 90BD4FD7290678CF00572442 /* Build configuration list for PBXNativeTarget "Klyk" */;
			buildPhases = (
				90BD4FB2290678CD00572442 /* Resources */,
				90BD4FB8290678CF00572442 /* Sources */,
				90BD4FB9290678CF00572442 /* Frameworks */,
			);
			buildRules = (
			);
			dependencies = (
			);
			name = Klyk;
			productName = Klyk;
			productReference = 90BD4FB4290678CD00572442 /* Klyk.app */;
			productType = "com.apple.product-type.application";
		};
/* End PBXNativeTarget section */

/* Begin PBXProject section */
		90774B6D27A04AB4006F94B3 /* Project object */ = {
			isa = PBXProject;
			attributes = {
				BuildIndependentTargetsInParallel = 1;
				LastSwiftUpdateCheck = 1340;
				LastUpgradeCheck = 1410;
				TargetAttributes = {
					90774B7427A04AB4006F94B3 = {
						CreatedOnToolsVersion = 13.2.1;
					};
					90BD4FB3290678CD00572442 = {
						CreatedOnToolsVersion = 13.4.1;
					};
				};
			};
			buildConfigurationList = 90774B7027A04AB4006F94B3 /* Build configuration list for PBXProject "Klik" */;
			compatibilityVersion = "Xcode 13.0";
			developmentRegion = en;
			hasScannedForEncodings = 0;
			knownRegions = (
				en,
				Base,
			);
			mainGroup = 90774B6C27A04AB4006F94B3;
			productRefGroup = 90774B7627A04AB4006F94B3 /* Products */;
			projectDirPath = "";
			projectRoot = "";
			targets = (
				90774B7427A04AB4006F94B3 /* Klik */,
				90BD4FB3290678CD00572442 /* Klyk */,
			);
		};
/* End PBXProject section */

/* Begin PBXResourcesBuildPhase section */
		90774B7327A04AB4006F94B3 /* Resources */ = {
			isa = PBXResourcesBuildPhase;
			buildActionMask = 2147483647;
			files = (
				90398AAD27DB3E0100A8FB29 /* LaunchScreen.storyboard in Resources */,
				90774B8027A04AB5006F94B3 /* Preview Assets.xcassets in Resources */,
				90774B7D27A04AB5006F94B3 /* Assets.xcassets in Resources */,
			);
			runOnlyForDeploymentPostprocessing = 0;
		};
		90BD4FB2290678CD00572442 /* Resources */ = {
			isa = PBXResourcesBuildPhase;
			buildActionMask = 2147483647;
			files = (
				905F706C2909608700C62892 /* Assets.xcassets in Resources */,
				90BD4FCB290678CF00572442 /* Preview Assets.xcassets in Resources */,
				90BD4FB7290678CF00572442 /* Assets.xcassets in Resources */,
				90BD4FC8290678CF00572442 /* Assets.xcassets in Resources */,
			);
			runOnlyForDeploymentPostprocessing = 0;
		};
/* End PBXResourcesBuildPhase section */

/* Begin PBXSourcesBuildPhase section */
		90774B7127A04AB4006F94B3 /* Sources */ = {
			isa = PBXSourcesBuildPhase;
			buildActionMask = 2147483647;
			files = (
				90774B7927A04AB4006F94B3 /* KlikApp.swift in Sources */,
				90792E5727A0BC6700A791BD /* LaunchView.swift in Sources */,
				90E1795727A04BD600EBA377 /* HomeView.swift in Sources */,
				9037A9D627A17FB400D405B5 /* GuideView.swift in Sources */,
				90BD4FDE290684A600572442 /* ContentModel.swift in Sources */,
			);
			runOnlyForDeploymentPostprocessing = 0;
		};
		90BD4FB8290678CF00572442 /* Sources */ = {
			isa = PBXSourcesBuildPhase;
			buildActionMask = 2147483647;
			files = (
				90BD4FC4290678CF00572442 /* KlikApp.swift in Sources */,
				90BD4FDD29067FDF00572442 /* ContentModel.swift in Sources */,
				90BD4FC2290678CF00572442 /* ContentView.swift in Sources */,
				90BD4FC6290678CF00572442 /* ComplicationController.swift in Sources */,
			);
			runOnlyForDeploymentPostprocessing = 0;
		};
/* End PBXSourcesBuildPhase section */

/* Begin PBXTargetDependency section */
		90BD4FCE290678CF00572442 /* PBXTargetDependency */ = {
			isa = PBXTargetDependency;
			target = 90BD4FB3290678CD00572442 /* Klyk */;
			targetProxy = 90BD4FCD290678CF00572442 /* PBXContainerItemProxy */;
		};
/* End PBXTargetDependency section */

/* Begin XCBuildConfiguration section */
		90774B8127A04AB5006F94B3 /* Debug */ = {
			isa = XCBuildConfiguration;
			buildSettings = {
				ALWAYS_SEARCH_USER_PATHS = NO;
				CLANG_ANALYZER_NONNULL = YES;
				CLANG_ANALYZER_NUMBER_OBJECT_CONVERSION = YES_AGGRESSIVE;
				CLANG_CXX_LANGUAGE_STANDARD = "gnu++17";
				CLANG_CXX_LIBRARY = "libc++";
				CLANG_ENABLE_MODULES = YES;
				CLANG_ENABLE_OBJC_ARC = YES;
				CLANG_ENABLE_OBJC_WEAK = YES;
				CLANG_WARN_BLOCK_CAPTURE_AUTORELEASING = YES;
				CLANG_WARN_BOOL_CONVERSION = YES;
				CLANG_WARN_COMMA = YES;
				CLANG_WARN_CONSTANT_CONVERSION = YES;
				CLANG_WARN_DEPRECATED_OBJC_IMPLEMENTATIONS = YES;
				CLANG_WARN_DIRECT_OBJC_ISA_USAGE = YES_ERROR;
				CLANG_WARN_DOCUMENTATION_COMMENTS = YES;
				CLANG_WARN_EMPTY_BODY = YES;
				CLANG_WARN_ENUM_CONVERSION = YES;
				CLANG_WARN_INFINITE_RECURSION = YES;
				CLANG_WARN_INT_CONVERSION = YES;
				CLANG_WARN_NON_LITERAL_NULL_CONVERSION = YES;
				CLANG_WARN_OBJC_IMPLICIT_RETAIN_SELF = YES;
				CLANG_WARN_OBJC_LITERAL_CONVERSION = YES;
				CLANG_WARN_OBJC_ROOT_CLASS = YES_ERROR;
				CLANG_WARN_QUOTED_INCLUDE_IN_FRAMEWORK_HEADER = YES;
				CLANG_WARN_RANGE_LOOP_ANALYSIS = YES;
				CLANG_WARN_STRICT_PROTOTYPES = YES;
				CLANG_WARN_SUSPICIOUS_MOVE = YES;
				CLANG_WARN_UNGUARDED_AVAILABILITY = YES_AGGRESSIVE;
				CLANG_WARN_UNREACHABLE_CODE = YES;
				CLANG_WARN__DUPLICATE_METHOD_MATCH = YES;
				COPY_PHASE_STRIP = NO;
				DEBUG_INFORMATION_FORMAT = dwarf;
				ENABLE_STRICT_OBJC_MSGSEND = YES;
				ENABLE_TESTABILITY = YES;
				GCC_C_LANGUAGE_STANDARD = gnu11;
				GCC_DYNAMIC_NO_PIC = NO;
				GCC_NO_COMMON_BLOCKS = YES;
				GCC_OPTIMIZATION_LEVEL = 0;
				GCC_PREPROCESSOR_DEFINITIONS = (
					"DEBUG=1",
					"$(inherited)",
				);
				GCC_WARN_64_TO_32_BIT_CONVERSION = YES;
				GCC_WARN_ABOUT_RETURN_TYPE = YES_ERROR;
				GCC_WARN_UNDECLARED_SELECTOR = YES;
				GCC_WARN_UNINITIALIZED_AUTOS = YES_AGGRESSIVE;
				GCC_WARN_UNUSED_FUNCTION = YES;
				GCC_WARN_UNUSED_VARIABLE = YES;
				IPHONEOS_DEPLOYMENT_TARGET = 15.5;
				MTL_ENABLE_DEBUG_INFO = INCLUDE_SOURCE;
				MTL_FAST_MATH = YES;
				ONLY_ACTIVE_ARCH = YES;
				SDKROOT = iphoneos;
				SWIFT_ACTIVE_COMPILATION_CONDITIONS = DEBUG;
				SWIFT_OPTIMIZATION_LEVEL = "-Onone";
				WATCHOS_DEPLOYMENT_TARGET = 8.5;
			};
			name = Debug;
		};
		90774B8227A04AB5006F94B3 /* Release */ = {
			isa = XCBuildConfiguration;
			buildSettings = {
				ALWAYS_SEARCH_USER_PATHS = NO;
				CLANG_ANALYZER_NONNULL = YES;
				CLANG_ANALYZER_NUMBER_OBJECT_CONVERSION = YES_AGGRESSIVE;
				CLANG_CXX_LANGUAGE_STANDARD = "gnu++17";
				CLANG_CXX_LIBRARY = "libc++";
				CLANG_ENABLE_MODULES = YES;
				CLANG_ENABLE_OBJC_ARC = YES;
				CLANG_ENABLE_OBJC_WEAK = YES;
				CLANG_WARN_BLOCK_CAPTURE_AUTORELEASING = YES;
				CLANG_WARN_BOOL_CONVERSION = YES;
				CLANG_WARN_COMMA = YES;
				CLANG_WARN_CONSTANT_CONVERSION = YES;
				CLANG_WARN_DEPRECATED_OBJC_IMPLEMENTATIONS = YES;
				CLANG_WARN_DIRECT_OBJC_ISA_USAGE = YES_ERROR;
				CLANG_WARN_DOCUMENTATION_COMMENTS = YES;
				CLANG_WARN_EMPTY_BODY = YES;
				CLANG_WARN_ENUM_CONVERSION = YES;
				CLANG_WARN_INFINITE_RECURSION = YES;
				CLANG_WARN_INT_CONVERSION = YES;
				CLANG_WARN_NON_LITERAL_NULL_CONVERSION = YES;
				CLANG_WARN_OBJC_IMPLICIT_RETAIN_SELF = YES;
				CLANG_WARN_OBJC_LITERAL_CONVERSION = YES;
				CLANG_WARN_OBJC_ROOT_CLASS = YES_ERROR;
				CLANG_WARN_QUOTED_INCLUDE_IN_FRAMEWORK_HEADER = YES;
				CLANG_WARN_RANGE_LOOP_ANALYSIS = YES;
				CLANG_WARN_STRICT_PROTOTYPES = YES;
				CLANG_WARN_SUSPICIOUS_MOVE = YES;
				CLANG_WARN_UNGUARDED_AVAILABILITY = YES_AGGRESSIVE;
				CLANG_WARN_UNREACHABLE_CODE = YES;
				CLANG_WARN__DUPLICATE_METHOD_MATCH = YES;
				COPY_PHASE_STRIP = NO;
				DEBUG_INFORMATION_FORMAT = "dwarf-with-dsym";
				ENABLE_NS_ASSERTIONS = NO;
				ENABLE_STRICT_OBJC_MSGSEND = YES;
				GCC_C_LANGUAGE_STANDARD = gnu11;
				GCC_NO_COMMON_BLOCKS = YES;
				GCC_WARN_64_TO_32_BIT_CONVERSION = YES;
				GCC_WARN_ABOUT_RETURN_TYPE = YES_ERROR;
				GCC_WARN_UNDECLARED_SELECTOR = YES;
				GCC_WARN_UNINITIALIZED_AUTOS = YES_AGGRESSIVE;
				GCC_WARN_UNUSED_FUNCTION = YES;
				GCC_WARN_UNUSED_VARIABLE = YES;
				IPHONEOS_DEPLOYMENT_TARGET = 15.5;
				MTL_ENABLE_DEBUG_INFO = NO;
				MTL_FAST_MATH = YES;
				SDKROOT = iphoneos;
				SWIFT_COMPILATION_MODE = wholemodule;
				SWIFT_OPTIMIZATION_LEVEL = "-O";
				VALIDATE_PRODUCT = YES;
				WATCHOS_DEPLOYMENT_TARGET = 8.5;
			};
			name = Release;
		};
		90774B8427A04AB5006F94B3 /* Debug */ = {
			isa = XCBuildConfiguration;
			buildSettings = {
				ASSETCATALOG_COMPILER_APPICON_NAME = AppIcon;
				ASSETCATALOG_COMPILER_GLOBAL_ACCENT_COLOR_NAME = AccentColor;
				CODE_SIGN_STYLE = Automatic;
				CURRENT_PROJECT_VERSION = 6;
				DEVELOPMENT_ASSET_PATHS = "Klik/Preview\\ Content";
				DEVELOPMENT_TEAM = NH6Z2BQ4LC;
				ENABLE_PREVIEWS = YES;
				GENERATE_INFOPLIST_FILE = YES;
				INFOPLIST_FILE = Klik/Info.plist;
				INFOPLIST_KEY_UIApplicationSceneManifest_Generation = YES;
				INFOPLIST_KEY_UIApplicationSupportsIndirectInputEvents = YES;
				INFOPLIST_KEY_UILaunchScreen_Generation = YES;
				INFOPLIST_KEY_UILaunchStoryboardName = LaunchScreen;
				INFOPLIST_KEY_UISupportedInterfaceOrientations = "";
				INFOPLIST_KEY_UISupportedInterfaceOrientations_iPad = "UIInterfaceOrientationPortrait UIInterfaceOrientationPortraitUpsideDown UIInterfaceOrientationLandscapeLeft UIInterfaceOrientationLandscapeRight";
				INFOPLIST_KEY_UISupportedInterfaceOrientations_iPhone = UIInterfaceOrientationPortrait;
				IPHONEOS_DEPLOYMENT_TARGET = 15.5;
				LD_RUNPATH_SEARCH_PATHS = (
					"$(inherited)",
					"@executable_path/Frameworks",
				);
				MARKETING_VERSION = 1.1.2;
				PRODUCT_BUNDLE_IDENTIFIER = io.klik;
				PRODUCT_NAME = Klyk;
				SWIFT_EMIT_LOC_STRINGS = YES;
				SWIFT_VERSION = 5.0;
				TARGETED_DEVICE_FAMILY = "1,2";
			};
			name = Debug;
		};
		90774B8527A04AB5006F94B3 /* Release */ = {
			isa = XCBuildConfiguration;
			buildSettings = {
				ASSETCATALOG_COMPILER_APPICON_NAME = AppIcon;
				ASSETCATALOG_COMPILER_GLOBAL_ACCENT_COLOR_NAME = AccentColor;
				CODE_SIGN_STYLE = Automatic;
				CURRENT_PROJECT_VERSION = 6;
				DEVELOPMENT_ASSET_PATHS = "Klik/Preview\\ Content";
				DEVELOPMENT_TEAM = NH6Z2BQ4LC;
				ENABLE_PREVIEWS = YES;
				GENERATE_INFOPLIST_FILE = YES;
				INFOPLIST_FILE = Klik/Info.plist;
				INFOPLIST_KEY_UIApplicationSceneManifest_Generation = YES;
				INFOPLIST_KEY_UIApplicationSupportsIndirectInputEvents = YES;
				INFOPLIST_KEY_UILaunchScreen_Generation = YES;
				INFOPLIST_KEY_UILaunchStoryboardName = LaunchScreen;
				INFOPLIST_KEY_UISupportedInterfaceOrientations = "";
				INFOPLIST_KEY_UISupportedInterfaceOrientations_iPad = "UIInterfaceOrientationPortrait UIInterfaceOrientationPortraitUpsideDown UIInterfaceOrientationLandscapeLeft UIInterfaceOrientationLandscapeRight";
				INFOPLIST_KEY_UISupportedInterfaceOrientations_iPhone = UIInterfaceOrientationPortrait;
				IPHONEOS_DEPLOYMENT_TARGET = 15.5;
				LD_RUNPATH_SEARCH_PATHS = (
					"$(inherited)",
					"@executable_path/Frameworks",
				);
				MARKETING_VERSION = 1.1.2;
				PRODUCT_BUNDLE_IDENTIFIER = io.klik;
				PRODUCT_NAME = Klyk;
				SWIFT_EMIT_LOC_STRINGS = YES;
				SWIFT_VERSION = 5.0;
				TARGETED_DEVICE_FAMILY = "1,2";
			};
			name = Release;
		};
		90BD4FD1290678CF00572442 /* Debug */ = {
			isa = XCBuildConfiguration;
			buildSettings = {
				ALWAYS_EMBED_SWIFT_STANDARD_LIBRARIES = YES;
				ASSETCATALOG_COMPILER_APPICON_NAME = AppIcon;
				ASSETCATALOG_COMPILER_COMPLICATION_NAME = Complication;
				ASSETCATALOG_COMPILER_GLOBAL_ACCENT_COLOR_NAME = AccentColor;
				ASSETCATALOG_COMPILER_INCLUDE_ALL_APPICON_ASSETS = NO;
				CODE_SIGN_STYLE = Automatic;
				CURRENT_PROJECT_VERSION = 6;
				DEVELOPMENT_TEAM = NH6Z2BQ4LC;
				GENERATE_INFOPLIST_FILE = YES;
				INFOPLIST_FILE = Klyk/Info.plist;
				INFOPLIST_KEY_CFBundleDisplayName = Klyk;
				INFOPLIST_KEY_CLKComplicationPrincipalClass = Klyk.ComplicationController;
				INFOPLIST_KEY_NSHumanReadableCopyright = "";
				INFOPLIST_KEY_UISupportedInterfaceOrientations = "UIInterfaceOrientationPortrait UIInterfaceOrientationPortraitUpsideDown";
				INFOPLIST_KEY_WKCompanionAppBundleIdentifier = io.klik;
				INFOPLIST_KEY_WKRunsIndependentlyOfCompanionApp = YES;
				LD_RUNPATH_SEARCH_PATHS = (
					"@executable_path/Frameworks",
					"@executable_path/../../Frameworks",
				);
				MARKETING_VERSION = 1.1.2;
				PRODUCT_BUNDLE_IDENTIFIER = io.klik.watchkitapp;
				PRODUCT_NAME = "$(TARGET_NAME)";
				SDKROOT = watchos;
				SKIP_INSTALL = YES;
				SWIFT_EMIT_LOC_STRINGS = YES;
				SWIFT_VERSION = 5.0;
				TARGETED_DEVICE_FAMILY = 4;
				WATCHOS_DEPLOYMENT_TARGET = 8.5;
			};
			name = Debug;
		};
		90BD4FD2290678CF00572442 /* Release */ = {
			isa = XCBuildConfiguration;
			buildSettings = {
				ALWAYS_EMBED_SWIFT_STANDARD_LIBRARIES = YES;
				ASSETCATALOG_COMPILER_APPICON_NAME = AppIcon;
				ASSETCATALOG_COMPILER_COMPLICATION_NAME = Complication;
				ASSETCATALOG_COMPILER_GLOBAL_ACCENT_COLOR_NAME = AccentColor;
				ASSETCATALOG_COMPILER_INCLUDE_ALL_APPICON_ASSETS = NO;
				CODE_SIGN_STYLE = Automatic;
				CURRENT_PROJECT_VERSION = 6;
				DEVELOPMENT_TEAM = NH6Z2BQ4LC;
				GENERATE_INFOPLIST_FILE = YES;
				INFOPLIST_FILE = Klyk/Info.plist;
				INFOPLIST_KEY_CFBundleDisplayName = Klyk;
				INFOPLIST_KEY_CLKComplicationPrincipalClass = Klyk.ComplicationController;
				INFOPLIST_KEY_NSHumanReadableCopyright = "";
				INFOPLIST_KEY_UISupportedInterfaceOrientations = "UIInterfaceOrientationPortrait UIInterfaceOrientationPortraitUpsideDown";
				INFOPLIST_KEY_WKCompanionAppBundleIdentifier = io.klik;
				INFOPLIST_KEY_WKRunsIndependentlyOfCompanionApp = YES;
				LD_RUNPATH_SEARCH_PATHS = (
					"@executable_path/Frameworks",
					"@executable_path/../../Frameworks",
				);
				MARKETING_VERSION = 1.1.2;
				PRODUCT_BUNDLE_IDENTIFIER = io.klik.watchkitapp;
				PRODUCT_NAME = "$(TARGET_NAME)";
				SDKROOT = watchos;
				SKIP_INSTALL = YES;
				SWIFT_EMIT_LOC_STRINGS = YES;
				SWIFT_VERSION = 5.0;
				TARGETED_DEVICE_FAMILY = 4;
				WATCHOS_DEPLOYMENT_TARGET = 8.5;
			};
			name = Release;
		};
/* End XCBuildConfiguration section */

/* Begin XCConfigurationList section */
		90774B7027A04AB4006F94B3 /* Build configuration list for PBXProject "Klik" */ = {
			isa = XCConfigurationList;
			buildConfigurations = (
				90774B8127A04AB5006F94B3 /* Debug */,
				90774B8227A04AB5006F94B3 /* Release */,
			);
			defaultConfigurationIsVisible = 0;
			defaultConfigurationName = Release;
		};
		90774B8327A04AB5006F94B3 /* Build configuration list for PBXNativeTarget "Klik" */ = {
			isa = XCConfigurationList;
			buildConfigurations = (
				90774B8427A04AB5006F94B3 /* Debug */,
				90774B8527A04AB5006F94B3 /* Release */,
			);
			defaultConfigurationIsVisible = 0;
			defaultConfigurationName = Release;
		};
		90BD4FD7290678CF00572442 /* Build configuration list for PBXNativeTarget "Klyk" */ = {
			isa = XCConfigurationList;
			buildConfigurations = (
				90BD4FD1290678CF00572442 /* Debug */,
				90BD4FD2290678CF00572442 /* Release */,
			);
			defaultConfigurationIsVisible = 0;
			defaultConfigurationName = Release;
		};
/* End XCConfigurationList section */
	};
	rootObject = 90774B6D27A04AB4006F94B3 /* Project object */;
}
